
Microsoft Visual Studio Solution File, Format Version 12.00
# Visual Studio Version 17
VisualStudioVersion = 17.9.34723.18
MinimumVisualStudioVersion = 10.0.40219.1
Project("{FAE04EC0-301F-11D3-BF4B-00C04F79EFBC}") = "WPFCompact", "WPFCompact\WPFCompact.csproj", "{E6A9F407-B111-4EE5-AF77-436CC0C9F3A3}"
EndProject
Global
	GlobalSection(SolutionConfigurationPlatforms) = preSolution
		Debug|Any CPU = Debug|Any CPU
		Release|Any CPU = Release|Any CPU
	EndGlobalSection
	GlobalSection(ProjectConfigurationPlatforms) = postSolution
		{E6A9F407-B111-4EE5-AF77-436CC0C9F3A3}.Debug|Any CPU.ActiveCfg = Debug|Any CPU
		{E6A9F407-B111-4EE5-AF77-436CC0C9F3A3}.Debug|Any CPU.Build.0 = Debug|Any CPU
		{E6A9F407-B111-4EE5-AF77-436CC0C9F3A3}.Release|Any CPU.ActiveCfg = Release|Any CPU
		{E6A9F407-B111-4EE5-AF77-436CC0C9F3A3}.Release|Any CPU.Build.0 = Release|Any CPU
	EndGlobalSection
	GlobalSection(SolutionProperties) = preSolution
		HideSolutionNode = FALSE
	EndGlobalSection
	GlobalSection(ExtensibilityGlobals) = postSolution
		SolutionGuid = {6D860858-173C-4CFF-9FCE-F8F104E7D5BF}
	EndGlobalSection
EndGlobal
